<?xml version="1.0" encoding="UTF-8" standalone="yes" ?>
<CodeBlocks_project_file>
	<FileVersion major="1" minor="6" />
	<Project>
		<Option title="mii" />
		<Option makefile_is_custom="1" />
		<Option pch_mode="2" />
		<Option compiler="gcc" />
		<Build>
			<Target title="all">
				<Option type="4" />
				<Option compiler="gcc" />
			</Target>
			<Target title="upload">
				<Option type="4" />
				<Option compiler="gcc" />
			</Target>
			<Target title="serial">
				<Option type="4" />
				<Option compiler="gcc" />
			</Target>
		</Build>
		<Unit filename="Makefile">
			<Option target="&lt;{~None~}&gt;" />
		</Unit>
		<Unit filename="rfchat.cpp">
			<Option target="&lt;{~None~}&gt;" />
		</Unit>
		<Unit filename="rfchat.h">
			<Option target="&lt;{~None~}&gt;" />
		</Unit>
		<Extensions>
			<envvars />
			<code_completion />
			<debugger />
			<lib_finder disable_auto="1" />
		</Extensions>
	</Project>
</CodeBlocks_project_file>
